
Microsoft Visual Studio Solution File, Format Version 12.00
# Visual Studio 2013
VisualStudioVersion = 12.0.40629.0
MinimumVisualStudioVersion = 10.0.40219.1
Project("{8BC9CEB8-8B4A-11D0-8D11-00A0C91BC942}") = "Project17", "Project17\Project17.vcxproj", "{B815CB05-F9FD-412D-AB50-4F5C9347AD51}"
EndProject
Global
	GlobalSection(SolutionConfigurationPlatforms) = preSolution
		Debug|Win32 = Debug|Win32
		Release|Win32 = Release|Win32
	EndGlobalSection
	GlobalSection(ProjectConfigurationPlatforms) = postSolution
		{B815CB05-F9FD-412D-AB50-4F5C9347AD51}.Debug|Win32.ActiveCfg = Debug|Win32
		{B815CB05-F9FD-412D-AB50-4F5C9347AD51}.Debug|Win32.Build.0 = Debug|Win32
		{B815CB05-F9FD-412D-AB50-4F5C9347AD51}.Release|Win32.ActiveCfg = Release|Win32
		{B815CB05-F9FD-412D-AB50-4F5C9347AD51}.Release|Win32.Build.0 = Release|Win32
	EndGlobalSection
	GlobalSection(SolutionProperties) = preSolution
		HideSolutionNode = FALSE
	EndGlobalSection
EndGlobal
